
Microsoft Visual Studio Solution File, Format Version 12.00
# Visual Studio Version 17
VisualStudioVersion = 17.3.32901.215
MinimumVisualStudioVersion = 10.0.40219.1
Project("{FAE04EC0-301F-11D3-BF4B-00C04F79EFBC}") = "tiendung_BWA.Server", "Server\tiendung_BWA.Server.csproj", "{CBAA12A0-B292-41D2-9161-D447720B50EB}"
EndProject
Project("{FAE04EC0-301F-11D3-BF4B-00C04F79EFBC}") = "tiendung_BWA.Client", "Client\tiendung_BWA.Client.csproj", "{694967D6-7DE4-47F6-A623-57B6E1AB6354}"
EndProject
Project("{FAE04EC0-301F-11D3-BF4B-00C04F79EFBC}") = "tiendung_BWA.Shared", "Shared\tiendung_BWA.Shared.csproj", "{FB6C9725-FAAE-4F02-876E-9CD6B3CAB7B4}"
EndProject
Global
	GlobalSection(SolutionConfigurationPlatforms) = preSolution
		Debug|Any CPU = Debug|Any CPU
		Release|Any CPU = Release|Any CPU
	EndGlobalSection
	GlobalSection(ProjectConfigurationPlatforms) = postSolution
		{CBAA12A0-B292-41D2-9161-D447720B50EB}.Debug|Any CPU.ActiveCfg = Debug|Any CPU
		{CBAA12A0-B292-41D2-9161-D447720B50EB}.Debug|Any CPU.Build.0 = Debug|Any CPU
		{CBAA12A0-B292-41D2-9161-D447720B50EB}.Release|Any CPU.ActiveCfg = Release|Any CPU
		{CBAA12A0-B292-41D2-9161-D447720B50EB}.Release|Any CPU.Build.0 = Release|Any CPU
		{694967D6-7DE4-47F6-A623-57B6E1AB6354}.Debug|Any CPU.ActiveCfg = Debug|Any CPU
		{694967D6-7DE4-47F6-A623-57B6E1AB6354}.Debug|Any CPU.Build.0 = Debug|Any CPU
		{694967D6-7DE4-47F6-A623-57B6E1AB6354}.Release|Any CPU.ActiveCfg = Release|Any CPU
		{694967D6-7DE4-47F6-A623-57B6E1AB6354}.Release|Any CPU.Build.0 = Release|Any CPU
		{FB6C9725-FAAE-4F02-876E-9CD6B3CAB7B4}.Debug|Any CPU.ActiveCfg = Debug|Any CPU
		{FB6C9725-FAAE-4F02-876E-9CD6B3CAB7B4}.Debug|Any CPU.Build.0 = Debug|Any CPU
		{FB6C9725-FAAE-4F02-876E-9CD6B3CAB7B4}.Release|Any CPU.ActiveCfg = Release|Any CPU
		{FB6C9725-FAAE-4F02-876E-9CD6B3CAB7B4}.Release|Any CPU.Build.0 = Release|Any CPU
	EndGlobalSection
	GlobalSection(SolutionProperties) = preSolution
		HideSolutionNode = FALSE
	EndGlobalSection
	GlobalSection(ExtensibilityGlobals) = postSolution
		SolutionGuid = {1043EFDD-8EAC-46C2-A7D9-D45D93C33F00}
	EndGlobalSection
EndGlobal
